
Microsoft Visual Studio Solution File, Format Version 12.00
# Visual Studio Version 17
VisualStudioVersion = 17.8.34525.116
MinimumVisualStudioVersion = 10.0.40219.1
Project("{9A19103F-16F7-4668-BE54-9A1E7A4F7556}") = "FribergCarRentals", "FribergCarRentals\FribergCarRentals.csproj", "{44F168B4-1C8D-4009-90DC-2A2F4E09D8BC}"
EndProject
Global
	GlobalSection(SolutionConfigurationPlatforms) = preSolution
		Debug|Any CPU = Debug|Any CPU
		Release|Any CPU = Release|Any CPU
	EndGlobalSection
	GlobalSection(ProjectConfigurationPlatforms) = postSolution
		{44F168B4-1C8D-4009-90DC-2A2F4E09D8BC}.Debug|Any CPU.ActiveCfg = Debug|Any CPU
		{44F168B4-1C8D-4009-90DC-2A2F4E09D8BC}.Debug|Any CPU.Build.0 = Debug|Any CPU
		{44F168B4-1C8D-4009-90DC-2A2F4E09D8BC}.Release|Any CPU.ActiveCfg = Release|Any CPU
		{44F168B4-1C8D-4009-90DC-2A2F4E09D8BC}.Release|Any CPU.Build.0 = Release|Any CPU
	EndGlobalSection
	GlobalSection(SolutionProperties) = preSolution
		HideSolutionNode = FALSE
	EndGlobalSection
	GlobalSection(ExtensibilityGlobals) = postSolution
		SolutionGuid = {FB896919-73B8-4E82-95A8-5CEF4F16E2E7}
	EndGlobalSection
EndGlobal
